
Microsoft Visual Studio Solution File, Format Version 12.00
# Visual Studio Version 16
VisualStudioVersion = 16.0.30011.22
MinimumVisualStudioVersion = 10.0.40219.1
Project("{9A19103F-16F7-4668-BE54-9A1E7A4F7556}") = "RosterApiLambda", "RosterApiLambda.csproj", "{4C6257B5-36BE-4301-A89A-6629D3C912C0}"
EndProject
Global
	GlobalSection(SolutionConfigurationPlatforms) = preSolution
		Debug|Any CPU = Debug|Any CPU
		Release|Any CPU = Release|Any CPU
	EndGlobalSection
	GlobalSection(ProjectConfigurationPlatforms) = postSolution
		{4C6257B5-36BE-4301-A89A-6629D3C912C0}.Debug|Any CPU.ActiveCfg = Debug|Any CPU
		{4C6257B5-36BE-4301-A89A-6629D3C912C0}.Debug|Any CPU.Build.0 = Debug|Any CPU
		{4C6257B5-36BE-4301-A89A-6629D3C912C0}.Release|Any CPU.ActiveCfg = Release|Any CPU
		{4C6257B5-36BE-4301-A89A-6629D3C912C0}.Release|Any CPU.Build.0 = Release|Any CPU
	EndGlobalSection
	GlobalSection(SolutionProperties) = preSolution
		HideSolutionNode = FALSE
	EndGlobalSection
	GlobalSection(ExtensibilityGlobals) = postSolution
		SolutionGuid = {07BFD67F-997B-4C8F-A1BA-A87373AA633C}
	EndGlobalSection
EndGlobal
